
Microsoft Visual Studio Solution File, Format Version 12.00
# Visual Studio Version 16
VisualStudioVersion = 16.0.30330.147
MinimumVisualStudioVersion = 10.0.40219.1
Project("{888888A0-9F3D-457C-B088-3A5042F75D52}") = "ProPy", "ProPy\ProPy.pyproj", "{F198016F-46C7-4975-AB37-F4A50F336D53}"
EndProject
Global
	GlobalSection(SolutionConfigurationPlatforms) = preSolution
		Debug|Any CPU = Debug|Any CPU
		Release|Any CPU = Release|Any CPU
	EndGlobalSection
	GlobalSection(ProjectConfigurationPlatforms) = postSolution
		{F198016F-46C7-4975-AB37-F4A50F336D53}.Debug|Any CPU.ActiveCfg = Debug|Any CPU
		{F198016F-46C7-4975-AB37-F4A50F336D53}.Release|Any CPU.ActiveCfg = Release|Any CPU
	EndGlobalSection
	GlobalSection(SolutionProperties) = preSolution
		HideSolutionNode = FALSE
	EndGlobalSection
	GlobalSection(ExtensibilityGlobals) = postSolution
		SolutionGuid = {E1694A30-867C-4D0A-B516-65277D1921D9}
	EndGlobalSection
EndGlobal
